
Microsoft Visual Studio Solution File, Format Version 12.00
# Visual Studio Version 17
VisualStudioVersion = 17.12.35707.178
MinimumVisualStudioVersion = 10.0.40219.1
Project("{9A19103F-16F7-4668-BE54-9A1E7A4F7556}") = "Fernexus-API", "Fernexus-API\Fernexus-API.csproj", "{A8F0D055-DB85-4106-B972-BE2154195774}"
EndProject
Project("{9A19103F-16F7-4668-BE54-9A1E7A4F7556}") = "ENT", "ENT\ENT.csproj", "{C00C0EC4-6926-4EE3-A468-51B5D23C53F4}"
EndProject
Project("{FAE04EC0-301F-11D3-BF4B-00C04F79EFBC}") = "DTO", "DTO\DTO.csproj", "{01C1D3B6-B32D-4F11-B790-22A292C98A22}"
EndProject
Project("{FAE04EC0-301F-11D3-BF4B-00C04F79EFBC}") = "DAL", "DAL\DAL.csproj", "{D6CD99C6-912B-433E-8641-2F627223E403}"
EndProject
Global
	GlobalSection(SolutionConfigurationPlatforms) = preSolution
		Debug|Any CPU = Debug|Any CPU
		Release|Any CPU = Release|Any CPU
	EndGlobalSection
	GlobalSection(ProjectConfigurationPlatforms) = postSolution
		{A8F0D055-DB85-4106-B972-BE2154195774}.Debug|Any CPU.ActiveCfg = Debug|Any CPU
		{A8F0D055-DB85-4106-B972-BE2154195774}.Debug|Any CPU.Build.0 = Debug|Any CPU
		{A8F0D055-DB85-4106-B972-BE2154195774}.Release|Any CPU.ActiveCfg = Release|Any CPU
		{A8F0D055-DB85-4106-B972-BE2154195774}.Release|Any CPU.Build.0 = Release|Any CPU
		{C00C0EC4-6926-4EE3-A468-51B5D23C53F4}.Debug|Any CPU.ActiveCfg = Debug|Any CPU
		{C00C0EC4-6926-4EE3-A468-51B5D23C53F4}.Debug|Any CPU.Build.0 = Debug|Any CPU
		{C00C0EC4-6926-4EE3-A468-51B5D23C53F4}.Release|Any CPU.ActiveCfg = Release|Any CPU
		{C00C0EC4-6926-4EE3-A468-51B5D23C53F4}.Release|Any CPU.Build.0 = Release|Any CPU
		{01C1D3B6-B32D-4F11-B790-22A292C98A22}.Debug|Any CPU.ActiveCfg = Debug|Any CPU
		{01C1D3B6-B32D-4F11-B790-22A292C98A22}.Debug|Any CPU.Build.0 = Debug|Any CPU
		{01C1D3B6-B32D-4F11-B790-22A292C98A22}.Release|Any CPU.ActiveCfg = Release|Any CPU
		{01C1D3B6-B32D-4F11-B790-22A292C98A22}.Release|Any CPU.Build.0 = Release|Any CPU
		{D6CD99C6-912B-433E-8641-2F627223E403}.Debug|Any CPU.ActiveCfg = Debug|Any CPU
		{D6CD99C6-912B-433E-8641-2F627223E403}.Debug|Any CPU.Build.0 = Debug|Any CPU
		{D6CD99C6-912B-433E-8641-2F627223E403}.Release|Any CPU.ActiveCfg = Release|Any CPU
		{D6CD99C6-912B-433E-8641-2F627223E403}.Release|Any CPU.Build.0 = Release|Any CPU
	EndGlobalSection
	GlobalSection(SolutionProperties) = preSolution
		HideSolutionNode = FALSE
	EndGlobalSection
EndGlobal
